
Microsoft Visual Studio Solution File, Format Version 12.00
# Visual Studio Version 16
VisualStudioVersion = 16.0.31105.61
MinimumVisualStudioVersion = 10.0.40219.1
Project("{FAE04EC0-301F-11D3-BF4B-00C04F79EFBC}") = "OnlineTests", "OnlineTests\OnlineTests.csproj", "{B0B1B161-7484-4BF8-93C3-A61A63119913}"
EndProject
Global
	GlobalSection(SolutionConfigurationPlatforms) = preSolution
		Debug|Any CPU = Debug|Any CPU
		Release|Any CPU = Release|Any CPU
	EndGlobalSection
	GlobalSection(ProjectConfigurationPlatforms) = postSolution
		{B0B1B161-7484-4BF8-93C3-A61A63119913}.Debug|Any CPU.ActiveCfg = Debug|Any CPU
		{B0B1B161-7484-4BF8-93C3-A61A63119913}.Debug|Any CPU.Build.0 = Debug|Any CPU
		{B0B1B161-7484-4BF8-93C3-A61A63119913}.Release|Any CPU.ActiveCfg = Release|Any CPU
		{B0B1B161-7484-4BF8-93C3-A61A63119913}.Release|Any CPU.Build.0 = Release|Any CPU
	EndGlobalSection
	GlobalSection(SolutionProperties) = preSolution
		HideSolutionNode = FALSE
	EndGlobalSection
	GlobalSection(ExtensibilityGlobals) = postSolution
		SolutionGuid = {4DF1F4C6-B98C-489B-A224-2D9DB6ED3106}
	EndGlobalSection
EndGlobal
